
Microsoft Visual Studio Solution File, Format Version 12.00
# Visual Studio Version 17
VisualStudioVersion = 17.8.34408.163
MinimumVisualStudioVersion = 10.0.40219.1
Project("{FAE04EC0-301F-11D3-BF4B-00C04F79EFBC}") = "SalitreMagicoApp", "SalitreMagicoApp\SalitreMagicoApp.csproj", "{1D4C7CE5-D5AD-4030-A143-D233700D490E}"
EndProject
Project("{FAE04EC0-301F-11D3-BF4B-00C04F79EFBC}") = "SalitreMagico.Data", "SalitreMagico.Data\SalitreMagico.Data.csproj", "{EE705C84-07F8-46DB-9004-AAAD3F8ACC16}"
EndProject
Project("{FAE04EC0-301F-11D3-BF4B-00C04F79EFBC}") = "SalitreMagico.Model", "SalitreMagico.Model\SalitreMagico.Model.csproj", "{F99E9B02-5989-42FB-B378-64700739BCA4}"
EndProject
Global
	GlobalSection(SolutionConfigurationPlatforms) = preSolution
		Debug|Any CPU = Debug|Any CPU
		Release|Any CPU = Release|Any CPU
	EndGlobalSection
	GlobalSection(ProjectConfigurationPlatforms) = postSolution
		{1D4C7CE5-D5AD-4030-A143-D233700D490E}.Debug|Any CPU.ActiveCfg = Debug|Any CPU
		{1D4C7CE5-D5AD-4030-A143-D233700D490E}.Debug|Any CPU.Build.0 = Debug|Any CPU
		{1D4C7CE5-D5AD-4030-A143-D233700D490E}.Release|Any CPU.ActiveCfg = Release|Any CPU
		{1D4C7CE5-D5AD-4030-A143-D233700D490E}.Release|Any CPU.Build.0 = Release|Any CPU
		{EE705C84-07F8-46DB-9004-AAAD3F8ACC16}.Debug|Any CPU.ActiveCfg = Debug|Any CPU
		{EE705C84-07F8-46DB-9004-AAAD3F8ACC16}.Debug|Any CPU.Build.0 = Debug|Any CPU
		{EE705C84-07F8-46DB-9004-AAAD3F8ACC16}.Release|Any CPU.ActiveCfg = Release|Any CPU
		{EE705C84-07F8-46DB-9004-AAAD3F8ACC16}.Release|Any CPU.Build.0 = Release|Any CPU
		{F99E9B02-5989-42FB-B378-64700739BCA4}.Debug|Any CPU.ActiveCfg = Debug|Any CPU
		{F99E9B02-5989-42FB-B378-64700739BCA4}.Debug|Any CPU.Build.0 = Debug|Any CPU
		{F99E9B02-5989-42FB-B378-64700739BCA4}.Release|Any CPU.ActiveCfg = Release|Any CPU
		{F99E9B02-5989-42FB-B378-64700739BCA4}.Release|Any CPU.Build.0 = Release|Any CPU
	EndGlobalSection
	GlobalSection(SolutionProperties) = preSolution
		HideSolutionNode = FALSE
	EndGlobalSection
	GlobalSection(ExtensibilityGlobals) = postSolution
		SolutionGuid = {9CA38A15-EB74-4B32-9697-E10ED5E49868}
	EndGlobalSection
EndGlobal
